// !$*UTF8*$!
{
	archiveVersion = 1;
	classes = {
	};
	objectVersion = 46;
	objects = {

/* Begin PBXBuildFile section */
		9517B5401681F2E90066CFC6 /* UIKit.framework in Frameworks */ = {isa = PBXBuildFile; fileRef = 9517B53F1681F2E90066CFC6 /* UIKit.framework */; };
		9517B5421681F2E90066CFC6 /* Foundation.framework in Frameworks */ = {isa = PBXBuildFile; fileRef = 9517B5411681F2E90066CFC6 /* Foundation.framework */; };
		9517B5441681F2E90066CFC6 /* CoreGraphics.framework in Frameworks */ = {isa = PBXBuildFile; fileRef = 9517B5431681F2E90066CFC6 /* CoreGraphics.framework */; };
		9517B54A1681F2EA0066CFC6 /* InfoPlist.strings in Resources */ = {isa = PBXBuildFile; fileRef = 9517B5481681F2E90066CFC6 /* InfoPlist.strings */; };
		9517B54C1681F2EA0066CFC6 /* main.m in Sources */ = {isa = PBXBuildFile; fileRef = 9517B54B1681F2EA0066CFC6 /* main.m */; };
		9517B5501681F2EA0066CFC6 /* ZJTAppDelegate.m in Sources */ = {isa = PBXBuildFile; fileRef = 9517B54F1681F2EA0066CFC6 /* ZJTAppDelegate.m */; };
		9517B5521681F2EA0066CFC6 /* Default.png in Resources */ = {isa = PBXBuildFile; fileRef = 9517B5511681F2EA0066CFC6 /* Default.png */; };
		9517B5541681F2EA0066CFC6 /* Default@2x.png in Resources */ = {isa = PBXBuildFile; fileRef = 9517B5531681F2EA0066CFC6 /* Default@2x.png */; };
		9517B5561681F2EA0066CFC6 /* Default-568h@2x.png in Resources */ = {isa = PBXBuildFile; fileRef = 9517B5551681F2EA0066CFC6 /* Default-568h@2x.png */; };
		9517B5591681F2EA0066CFC6 /* ZJTViewController.m in Sources */ = {isa = PBXBuildFile; fileRef = 9517B5581681F2EA0066CFC6 /* ZJTViewController.m */; };
		9517B55C1681F2EA0066CFC6 /* ZJTViewController_iPhone.xib in Resources */ = {isa = PBXBuildFile; fileRef = 9517B55A1681F2EA0066CFC6 /* ZJTViewController_iPhone.xib */; };
		9517B55F1681F2EA0066CFC6 /* ZJTViewController_iPad.xib in Resources */ = {isa = PBXBuildFile; fileRef = 9517B55D1681F2EA0066CFC6 /* ZJTViewController_iPad.xib */; };
		9517B5841681FB0A0066CFC6 /* ZJTHomeViewController_iPhone.m in Sources */ = {isa = PBXBuildFile; fileRef = 9517B5821681FB0A0066CFC6 /* ZJTHomeViewController_iPhone.m */; };
		9517B5851681FB0A0066CFC6 /* ZJTHomeViewController_iPhone.xib in Resources */ = {isa = PBXBuildFile; fileRef = 9517B5831681FB0A0066CFC6 /* ZJTHomeViewController_iPhone.xib */; };
		9517B59C1681FC070066CFC6 /* ASIAuthenticationDialog.m in Sources */ = {isa = PBXBuildFile; fileRef = 9517B5891681FC070066CFC6 /* ASIAuthenticationDialog.m */; };
		9517B59D1681FC070066CFC6 /* ASIDataCompressor.m in Sources */ = {isa = PBXBuildFile; fileRef = 9517B58C1681FC070066CFC6 /* ASIDataCompressor.m */; };
		9517B59E1681FC070066CFC6 /* ASIDataDecompressor.m in Sources */ = {isa = PBXBuildFile; fileRef = 9517B58E1681FC070066CFC6 /* ASIDataDecompressor.m */; };
		9517B59F1681FC070066CFC6 /* ASIDownloadCache.m in Sources */ = {isa = PBXBuildFile; fileRef = 9517B5901681FC070066CFC6 /* ASIDownloadCache.m */; };
		9517B5A01681FC070066CFC6 /* ASIFormDataRequest.m in Sources */ = {isa = PBXBuildFile; fileRef = 9517B5921681FC070066CFC6 /* ASIFormDataRequest.m */; };
		9517B5A11681FC070066CFC6 /* ASIHTTPRequest.m in Sources */ = {isa = PBXBuildFile; fileRef = 9517B5941681FC070066CFC6 /* ASIHTTPRequest.m */; };
		9517B5A21681FC070066CFC6 /* ASIInputStream.m in Sources */ = {isa = PBXBuildFile; fileRef = 9517B5981681FC070066CFC6 /* ASIInputStream.m */; };
		9517B5A31681FC070066CFC6 /* ASINetworkQueue.m in Sources */ = {isa = PBXBuildFile; fileRef = 9517B59A1681FC070066CFC6 /* ASINetworkQueue.m */; };
		9517B5B01681FC330066CFC6 /* NSObject+SBJSON.m in Sources */ = {isa = PBXBuildFile; fileRef = 9517B5A71681FC330066CFC6 /* NSObject+SBJSON.m */; };
		9517B5B11681FC330066CFC6 /* NSString+SBJSON.m in Sources */ = {isa = PBXBuildFile; fileRef = 9517B5A91681FC330066CFC6 /* NSString+SBJSON.m */; };
		9517B5B21681FC330066CFC6 /* SBJsonBase.m in Sources */ = {isa = PBXBuildFile; fileRef = 9517B5AB1681FC330066CFC6 /* SBJsonBase.m */; };
		9517B5B31681FC330066CFC6 /* SBJsonParser.m in Sources */ = {isa = PBXBuildFile; fileRef = 9517B5AD1681FC330066CFC6 /* SBJsonParser.m */; };
		9517B5B41681FC330066CFC6 /* SBJsonWriter.m in Sources */ = {isa = PBXBuildFile; fileRef = 9517B5AF1681FC330066CFC6 /* SBJsonWriter.m */; };
		9517B5B81681FC4F0066CFC6 /* Reachability.m in Sources */ = {isa = PBXBuildFile; fileRef = 9517B5B71681FC4F0066CFC6 /* Reachability.m */; };
		9517B5BB1681FCC30066CFC6 /* DDMenuController.m in Sources */ = {isa = PBXBuildFile; fileRef = 9517B5B91681FCC30066CFC6 /* DDMenuController.m */; };
		9517B5BE1681FCF50066CFC6 /* MBProgressHUD.m in Sources */ = {isa = PBXBuildFile; fileRef = 9517B5BD1681FCF50066CFC6 /* MBProgressHUD.m */; };
		9517B5C01681FD240066CFC6 /* CoreData.framework in Frameworks */ = {isa = PBXBuildFile; fileRef = 9517B5BF1681FD240066CFC6 /* CoreData.framework */; };
		9517B5C21681FD2B0066CFC6 /* SystemConfiguration.framework in Frameworks */ = {isa = PBXBuildFile; fileRef = 9517B5C11681FD2B0066CFC6 /* SystemConfiguration.framework */; };
		9517B5C81681FD440066CFC6 /* MessageUI.framework in Frameworks */ = {isa = PBXBuildFile; fileRef = 9517B5C71681FD440066CFC6 /* MessageUI.framework */; };
		9517B5CA1681FD5F0066CFC6 /* Security.framework in Frameworks */ = {isa = PBXBuildFile; fileRef = 9517B5C91681FD5F0066CFC6 /* Security.framework */; };
		9517B5CC1681FD6B0066CFC6 /* MobileCoreServices.framework in Frameworks */ = {isa = PBXBuildFile; fileRef = 9517B5CB1681FD6B0066CFC6 /* MobileCoreServices.framework */; };
		9517B5CE1681FD7A0066CFC6 /* CFNetwork.framework in Frameworks */ = {isa = PBXBuildFile; fileRef = 9517B5CD1681FD7A0066CFC6 /* CFNetwork.framework */; };
		9517B5D01681FD8F0066CFC6 /* libz.dylib in Frameworks */ = {isa = PBXBuildFile; fileRef = 9517B5CF1681FD8F0066CFC6 /* libz.dylib */; };
		9517B5D21681FD960066CFC6 /* libsqlite3.dylib in Frameworks */ = {isa = PBXBuildFile; fileRef = 9517B5D11681FD960066CFC6 /* libsqlite3.dylib */; };
		9517B5D41681FDB60066CFC6 /* libicucore.dylib in Frameworks */ = {isa = PBXBuildFile; fileRef = 9517B5D31681FDB60066CFC6 /* libicucore.dylib */; };
		9517B5DA1681FE310066CFC6 /* QuartzCore.framework in Frameworks */ = {isa = PBXBuildFile; fileRef = 9517B5D91681FE310066CFC6 /* QuartzCore.framework */; };
		9517B5DD1681FF380066CFC6 /* nav_header_bg@2x.png in Resources */ = {isa = PBXBuildFile; fileRef = 9517B5DB1681FF370066CFC6 /* nav_header_bg@2x.png */; };
		9517B5DE1681FF380066CFC6 /* nav_header_bg.png in Resources */ = {isa = PBXBuildFile; fileRef = 9517B5DC1681FF380066CFC6 /* nav_header_bg.png */; };
		9517B5E41681FFE30066CFC6 /* 37x-Checkmark.png in Resources */ = {isa = PBXBuildFile; fileRef = 9517B5E31681FFE30066CFC6 /* 37x-Checkmark.png */; };
/* End PBXBuildFile section */

/* Begin PBXFileReference section */
		9517B53B1681F2E90066CFC6 /* FindGirls.app */ = {isa = PBXFileReference; explicitFileType = wrapper.application; includeInIndex = 0; path = FindGirls.app; sourceTree = BUILT_PRODUCTS_DIR; };
		9517B53F1681F2E90066CFC6 /* UIKit.framework */ = {isa = PBXFileReference; lastKnownFileType = wrapper.framework; name = UIKit.framework; path = System/Library/Frameworks/UIKit.framework; sourceTree = SDKROOT; };
		9517B5411681F2E90066CFC6 /* Foundation.framework */ = {isa = PBXFileReference; lastKnownFileType = wrapper.framework; name = Foundation.framework; path = System/Library/Frameworks/Foundation.framework; sourceTree = SDKROOT; };
		9517B5431681F2E90066CFC6 /* CoreGraphics.framework */ = {isa = PBXFileReference; lastKnownFileType = wrapper.framework; name = CoreGraphics.framework; path = System/Library/Frameworks/CoreGraphics.framework; sourceTree = SDKROOT; };
		9517B5471681F2E90066CFC6 /* FindGirls-Info.plist */ = {isa = PBXFileReference; lastKnownFileType = text.plist.xml; path = "FindGirls-Info.plist"; sourceTree = "<group>"; };
		9517B5491681F2EA0066CFC6 /* en */ = {isa = PBXFileReference; lastKnownFileType = text.plist.strings; name = en; path = en.lproj/InfoPlist.strings; sourceTree = "<group>"; };
		9517B54B1681F2EA0066CFC6 /* main.m */ = {isa = PBXFileReference; lastKnownFileType = sourcecode.c.objc; path = main.m; sourceTree = "<group>"; };
		9517B54D1681F2EA0066CFC6 /* FindGirls-Prefix.pch */ = {isa = PBXFileReference; lastKnownFileType = sourcecode.c.h; path = "FindGirls-Prefix.pch"; sourceTree = "<group>"; };
		9517B54E1681F2EA0066CFC6 /* ZJTAppDelegate.h */ = {isa = PBXFileReference; lastKnownFileType = sourcecode.c.h; path = ZJTAppDelegate.h; sourceTree = "<group>"; };
		9517B54F1681F2EA0066CFC6 /* ZJTAppDelegate.m */ = {isa = PBXFileReference; lastKnownFileType = sourcecode.c.objc; path = ZJTAppDelegate.m; sourceTree = "<group>"; };
		9517B5511681F2EA0066CFC6 /* Default.png */ = {isa = PBXFileReference; lastKnownFileType = image.png; path = Default.png; sourceTree = "<group>"; };
		9517B5531681F2EA0066CFC6 /* Default@2x.png */ = {isa = PBXFileReference; lastKnownFileType = image.png; path = "Default@2x.png"; sourceTree = "<group>"; };
		9517B5551681F2EA0066CFC6 /* Default-568h@2x.png */ = {isa = PBXFileReference; lastKnownFileType = image.png; path = "Default-568h@2x.png"; sourceTree = "<group>"; };
		9517B5571681F2EA0066CFC6 /* ZJTViewController.h */ = {isa = PBXFileReference; lastKnownFileType = sourcecode.c.h; path = ZJTViewController.h; sourceTree = "<group>"; };
		9517B5581681F2EA0066CFC6 /* ZJTViewController.m */ = {isa = PBXFileReference; lastKnownFileType = sourcecode.c.objc; path = ZJTViewController.m; sourceTree = "<group>"; };
		9517B55B1681F2EA0066CFC6 /* en */ = {isa = PBXFileReference; lastKnownFileType = file.xib; name = en; path = en.lproj/ZJTViewController_iPhone.xib; sourceTree = "<group>"; };
		9517B55E1681F2EA0066CFC6 /* en */ = {isa = PBXFileReference; lastKnownFileType = file.xib; name = en; path = en.lproj/ZJTViewController_iPad.xib; sourceTree = "<group>"; };
		9517B5811681FB0A0066CFC6 /* ZJTHomeViewController_iPhone.h */ = {isa = PBXFileReference; fileEncoding = 4; lastKnownFileType = sourcecode.c.h; path = ZJTHomeViewController_iPhone.h; sourceTree = "<group>"; };
		9517B5821681FB0A0066CFC6 /* ZJTHomeViewController_iPhone.m */ = {isa = PBXFileReference; fileEncoding = 4; lastKnownFileType = sourcecode.c.objc; path = ZJTHomeViewController_iPhone.m; sourceTree = "<group>"; };
		9517B5831681FB0A0066CFC6 /* ZJTHomeViewController_iPhone.xib */ = {isa = PBXFileReference; fileEncoding = 4; lastKnownFileType = file.xib; path = ZJTHomeViewController_iPhone.xib; sourceTree = "<group>"; };
		9517B5881681FC070066CFC6 /* ASIAuthenticationDialog.h */ = {isa = PBXFileReference; fileEncoding = 4; lastKnownFileType = sourcecode.c.h; path = ASIAuthenticationDialog.h; sourceTree = "<group>"; };
		9517B5891681FC070066CFC6 /* ASIAuthenticationDialog.m */ = {isa = PBXFileReference; fileEncoding = 4; lastKnownFileType = sourcecode.c.objc; path = ASIAuthenticationDialog.m; sourceTree = "<group>"; };
		9517B58A1681FC070066CFC6 /* ASICacheDelegate.h */ = {isa = PBXFileReference; fileEncoding = 4; lastKnownFileType = sourcecode.c.h; path = ASICacheDelegate.h; sourceTree = "<group>"; };
		9517B58B1681FC070066CFC6 /* ASIDataCompressor.h */ = {isa = PBXFileReference; fileEncoding = 4; lastKnownFileType = sourcecode.c.h; path = ASIDataCompressor.h; sourceTree = "<group>"; };
		9517B58C1681FC070066CFC6 /* ASIDataCompressor.m */ = {isa = PBXFileReference; fileEncoding = 4; lastKnownFileType = sourcecode.c.objc; path = ASIDataCompressor.m; sourceTree = "<group>"; };
		9517B58D1681FC070066CFC6 /* ASIDataDecompressor.h */ = {isa = PBXFileReference; fileEncoding = 4; lastKnownFileType = sourcecode.c.h; path = ASIDataDecompressor.h; sourceTree = "<group>"; };
		9517B58E1681FC070066CFC6 /* ASIDataDecompressor.m */ = {isa = PBXFileReference; fileEncoding = 4; lastKnownFileType = sourcecode.c.objc; path = ASIDataDecompressor.m; sourceTree = "<group>"; };
		9517B58F1681FC070066CFC6 /* ASIDownloadCache.h */ = {isa = PBXFileReference; fileEncoding = 4; lastKnownFileType = sourcecode.c.h; path = ASIDownloadCache.h; sourceTree = "<group>"; };
		9517B5901681FC070066CFC6 /* ASIDownloadCache.m */ = {isa = PBXFileReference; fileEncoding = 4; lastKnownFileType = sourcecode.c.objc; path = ASIDownloadCache.m; sourceTree = "<group>"; };
		9517B5911681FC070066CFC6 /* ASIFormDataRequest.h */ = {isa = PBXFileReference; fileEncoding = 4; lastKnownFileType = sourcecode.c.h; path = ASIFormDataRequest.h; sourceTree = "<group>"; };
		9517B5921681FC070066CFC6 /* ASIFormDataRequest.m */ = {isa = PBXFileReference; fileEncoding = 4; lastKnownFileType = sourcecode.c.objc; path = ASIFormDataRequest.m; sourceTree = "<group>"; };
		9517B5931681FC070066CFC6 /* ASIHTTPRequest.h */ = {isa = PBXFileReference; fileEncoding = 4; lastKnownFileType = sourcecode.c.h; path = ASIHTTPRequest.h; sourceTree = "<group>"; };
		9517B5941681FC070066CFC6 /* ASIHTTPRequest.m */ = {isa = PBXFileReference; fileEncoding = 4; lastKnownFileType = sourcecode.c.objc; path = ASIHTTPRequest.m; sourceTree = "<group>"; };
		9517B5951681FC070066CFC6 /* ASIHTTPRequestConfig.h */ = {isa = PBXFileReference; fileEncoding = 4; lastKnownFileType = sourcecode.c.h; path = ASIHTTPRequestConfig.h; sourceTree = "<group>"; };
		9517B5961681FC070066CFC6 /* ASIHTTPRequestDelegate.h */ = {isa = PBXFileReference; fileEncoding = 4; lastKnownFileType = sourcecode.c.h; path = ASIHTTPRequestDelegate.h; sourceTree = "<group>"; };
		9517B5971681FC070066CFC6 /* ASIInputStream.h */ = {isa = PBXFileReference; fileEncoding = 4; lastKnownFileType = sourcecode.c.h; path = ASIInputStream.h; sourceTree = "<group>"; };
		9517B5981681FC070066CFC6 /* ASIInputStream.m */ = {isa = PBXFileReference; fileEncoding = 4; lastKnownFileType = sourcecode.c.objc; path = ASIInputStream.m; sourceTree = "<group>"; };
		9517B5991681FC070066CFC6 /* ASINetworkQueue.h */ = {isa = PBXFileReference; fileEncoding = 4; lastKnownFileType = sourcecode.c.h; path = ASINetworkQueue.h; sourceTree = "<group>"; };
		9517B59A1681FC070066CFC6 /* ASINetworkQueue.m */ = {isa = PBXFileReference; fileEncoding = 4; lastKnownFileType = sourcecode.c.objc; path = ASINetworkQueue.m; sourceTree = "<group>"; };
		9517B59B1681FC070066CFC6 /* ASIProgressDelegate.h */ = {isa = PBXFileReference; fileEncoding = 4; lastKnownFileType = sourcecode.c.h; path = ASIProgressDelegate.h; sourceTree = "<group>"; };
		9517B5A51681FC330066CFC6 /* JSON.h */ = {isa = PBXFileReference; fileEncoding = 4; lastKnownFileType = sourcecode.c.h; path = JSON.h; sourceTree = "<group>"; };
		9517B5A61681FC330066CFC6 /* NSObject+SBJSON.h */ = {isa = PBXFileReference; fileEncoding = 4; lastKnownFileType = sourcecode.c.h; path = "NSObject+SBJSON.h"; sourceTree = "<group>"; };
		9517B5A71681FC330066CFC6 /* NSObject+SBJSON.m */ = {isa = PBXFileReference; fileEncoding = 4; lastKnownFileType = sourcecode.c.objc; path = "NSObject+SBJSON.m"; sourceTree = "<group>"; };
		9517B5A81681FC330066CFC6 /* NSString+SBJSON.h */ = {isa = PBXFileReference; fileEncoding = 4; lastKnownFileType = sourcecode.c.h; path = "NSString+SBJSON.h"; sourceTree = "<group>"; };
		9517B5A91681FC330066CFC6 /* NSString+SBJSON.m */ = {isa = PBXFileReference; fileEncoding = 4; lastKnownFileType = sourcecode.c.objc; path = "NSString+SBJSON.m"; sourceTree = "<group>"; };
		9517B5AA1681FC330066CFC6 /* SBJsonBase.h */ = {isa = PBXFileReference; fileEncoding = 4; lastKnownFileType = sourcecode.c.h; path = SBJsonBase.h; sourceTree = "<group>"; };
		9517B5AB1681FC330066CFC6 /* SBJsonBase.m */ = {isa = PBXFileReference; fileEncoding = 4; lastKnownFileType = sourcecode.c.objc; path = SBJsonBase.m; sourceTree = "<group>"; };
		9517B5AC1681FC330066CFC6 /* SBJsonParser.h */ = {isa = PBXFileReference; fileEncoding = 4; lastKnownFileType = sourcecode.c.h; path = SBJsonParser.h; sourceTree = "<group>"; };
		9517B5AD1681FC330066CFC6 /* SBJsonParser.m */ = {isa = PBXFileReference; fileEncoding = 4; lastKnownFileType = sourcecode.c.objc; path = SBJsonParser.m; sourceTree = "<group>"; };
		9517B5AE1681FC330066CFC6 /* SBJsonWriter.h */ = {isa = PBXFileReference; fileEncoding = 4; lastKnownFileType = sourcecode.c.h; path = SBJsonWriter.h; sourceTree = "<group>"; };
		9517B5AF1681FC330066CFC6 /* SBJsonWriter.m */ = {isa = PBXFileReference; fileEncoding = 4; lastKnownFileType = sourcecode.c.objc; path = SBJsonWriter.m; sourceTree = "<group>"; };
		9517B5B61681FC4F0066CFC6 /* Reachability.h */ = {isa = PBXFileReference; fileEncoding = 4; lastKnownFileType = sourcecode.c.h; path = Reachability.h; sourceTree = "<group>"; };
		9517B5B71681FC4F0066CFC6 /* Reachability.m */ = {isa = PBXFileReference; fileEncoding = 4; lastKnownFileType = sourcecode.c.objc; path = Reachability.m; sourceTree = "<group>"; };
		9517B5B91681FCC30066CFC6 /* DDMenuController.m */ = {isa = PBXFileReference; fileEncoding = 4; lastKnownFileType = sourcecode.c.objc; path = DDMenuController.m; sourceTree = "<group>"; };
		9517B5BA1681FCC30066CFC6 /* DDMenuController.h */ = {isa = PBXFileReference; fileEncoding = 4; lastKnownFileType = sourcecode.c.h; path = DDMenuController.h; sourceTree = "<group>"; };
		9517B5BC1681FCF50066CFC6 /* MBProgressHUD.h */ = {isa = PBXFileReference; fileEncoding = 4; lastKnownFileType = sourcecode.c.h; path = MBProgressHUD.h; sourceTree = "<group>"; };
		9517B5BD1681FCF50066CFC6 /* MBProgressHUD.m */ = {isa = PBXFileReference; fileEncoding = 4; lastKnownFileType = sourcecode.c.objc; path = MBProgressHUD.m; sourceTree = "<group>"; };
		9517B5BF1681FD240066CFC6 /* CoreData.framework */ = {isa = PBXFileReference; lastKnownFileType = wrapper.framework; name = CoreData.framework; path = System/Library/Frameworks/CoreData.framework; sourceTree = SDKROOT; };
		9517B5C11681FD2B0066CFC6 /* SystemConfiguration.framework */ = {isa = PBXFileReference; lastKnownFileType = wrapper.framework; name = SystemConfiguration.framework; path = System/Library/Frameworks/SystemConfiguration.framework; sourceTree = SDKROOT; };
		9517B5C71681FD440066CFC6 /* MessageUI.framework */ = {isa = PBXFileReference; lastKnownFileType = wrapper.framework; name = MessageUI.framework; path = System/Library/Frameworks/MessageUI.framework; sourceTree = SDKROOT; };
		9517B5C91681FD5F0066CFC6 /* Security.framework */ = {isa = PBXFileReference; lastKnownFileType = wrapper.framework; name = Security.framework; path = System/Library/Frameworks/Security.framework; sourceTree = SDKROOT; };
		9517B5CB1681FD6B0066CFC6 /* MobileCoreServices.framework */ = {isa = PBXFileReference; lastKnownFileType = wrapper.framework; name = MobileCoreServices.framework; path = System/Library/Frameworks/MobileCoreServices.framework; sourceTree = SDKROOT; };
		9517B5CD1681FD7A0066CFC6 /* CFNetwork.framework */ = {isa = PBXFileReference; lastKnownFileType = wrapper.framework; name = CFNetwork.framework; path = System/Library/Frameworks/CFNetwork.framework; sourceTree = SDKROOT; };
		9517B5CF1681FD8F0066CFC6 /* libz.dylib */ = {isa = PBXFileReference; lastKnownFileType = "compiled.mach-o.dylib"; name = libz.dylib; path = usr/lib/libz.dylib; sourceTree = SDKROOT; };
		9517B5D11681FD960066CFC6 /* libsqlite3.dylib */ = {isa = PBXFileReference; lastKnownFileType = "compiled.mach-o.dylib"; name = libsqlite3.dylib; path = usr/lib/libsqlite3.dylib; sourceTree = SDKROOT; };
		9517B5D31681FDB60066CFC6 /* libicucore.dylib */ = {isa = PBXFileReference; lastKnownFileType = "compiled.mach-o.dylib"; name = libicucore.dylib; path = usr/lib/libicucore.dylib; sourceTree = SDKROOT; };
		9517B5D91681FE310066CFC6 /* QuartzCore.framework */ = {isa = PBXFileReference; lastKnownFileType = wrapper.framework; name = QuartzCore.framework; path = System/Library/Frameworks/QuartzCore.framework; sourceTree = SDKROOT; };
		9517B5DB1681FF370066CFC6 /* nav_header_bg@2x.png */ = {isa = PBXFileReference; lastKnownFileType = image.png; path = "nav_header_bg@2x.png"; sourceTree = "<group>"; };
		9517B5DC1681FF380066CFC6 /* nav_header_bg.png */ = {isa = PBXFileReference; lastKnownFileType = image.png; path = nav_header_bg.png; sourceTree = "<group>"; };
		9517B5E31681FFE30066CFC6 /* 37x-Checkmark.png */ = {isa = PBXFileReference; lastKnownFileType = image.png; path = "37x-Checkmark.png"; sourceTree = "<group>"; };
/* End PBXFileReference section */

/* Begin PBXFrameworksBuildPhase section */
		9517B5381681F2E90066CFC6 /* Frameworks */ = {
			isa = PBXFrameworksBuildPhase;
			buildActionMask = 2147483647;
			files = (
				9517B5DA1681FE310066CFC6 /* QuartzCore.framework in Frameworks */,
				9517B5D41681FDB60066CFC6 /* libicucore.dylib in Frameworks */,
				9517B5D21681FD960066CFC6 /* libsqlite3.dylib in Frameworks */,
				9517B5D01681FD8F0066CFC6 /* libz.dylib in Frameworks */,
				9517B5CE1681FD7A0066CFC6 /* CFNetwork.framework in Frameworks */,
				9517B5CC1681FD6B0066CFC6 /* MobileCoreServices.framework in Frameworks */,
				9517B5CA1681FD5F0066CFC6 /* Security.framework in Frameworks */,
				9517B5C81681FD440066CFC6 /* MessageUI.framework in Frameworks */,
				9517B5C21681FD2B0066CFC6 /* SystemConfiguration.framework in Frameworks */,
				9517B5C01681FD240066CFC6 /* CoreData.framework in Frameworks */,
				9517B5401681F2E90066CFC6 /* UIKit.framework in Frameworks */,
				9517B5421681F2E90066CFC6 /* Foundation.framework in Frameworks */,
				9517B5441681F2E90066CFC6 /* CoreGraphics.framework in Frameworks */,
			);
			runOnlyForDeploymentPostprocessing = 0;
		};
/* End PBXFrameworksBuildPhase section */

/* Begin PBXGroup section */
		9517B5301681F2E90066CFC6 = {
			isa = PBXGroup;
			children = (
				9517B5451681F2E90066CFC6 /* FindGirls */,
				9517B53E1681F2E90066CFC6 /* Frameworks */,
				9517B53C1681F2E90066CFC6 /* Products */,
			);
			sourceTree = "<group>";
		};
		9517B53C1681F2E90066CFC6 /* Products */ = {
			isa = PBXGroup;
			children = (
				9517B53B1681F2E90066CFC6 /* FindGirls.app */,
			);
			name = Products;
			sourceTree = "<group>";
		};
		9517B53E1681F2E90066CFC6 /* Frameworks */ = {
			isa = PBXGroup;
			children = (
				9517B5D31681FDB60066CFC6 /* libicucore.dylib */,
				9517B5D11681FD960066CFC6 /* libsqlite3.dylib */,
				9517B5CF1681FD8F0066CFC6 /* libz.dylib */,
				9517B5D91681FE310066CFC6 /* QuartzCore.framework */,
				9517B5CD1681FD7A0066CFC6 /* CFNetwork.framework */,
				9517B5CB1681FD6B0066CFC6 /* MobileCoreServices.framework */,
				9517B5C91681FD5F0066CFC6 /* Security.framework */,
				9517B5C71681FD440066CFC6 /* MessageUI.framework */,
				9517B5C11681FD2B0066CFC6 /* SystemConfiguration.framework */,
				9517B5BF1681FD240066CFC6 /* CoreData.framework */,
				9517B53F1681F2E90066CFC6 /* UIKit.framework */,
				9517B5411681F2E90066CFC6 /* Foundation.framework */,
				9517B5431681F2E90066CFC6 /* CoreGraphics.framework */,
			);
			name = Frameworks;
			sourceTree = "<group>";
		};
		9517B5451681F2E90066CFC6 /* FindGirls */ = {
			isa = PBXGroup;
			children = (
				9517B5651681F4B00066CFC6 /* NetWork */,
				9517B5661681F4B00066CFC6 /* ThirdParty */,
				9517B5671681F4B00066CFC6 /* Models */,
				9517B56A1681F4B00066CFC6 /* Views */,
				9517B56F1681F5290066CFC6 /* Controllers */,
				9517B5691681F4B00066CFC6 /* Nibs */,
				9517B5681681F4B00066CFC6 /* Tools */,
				9517B56D1681F4B00066CFC6 /* Resources */,
				9517B54E1681F2EA0066CFC6 /* ZJTAppDelegate.h */,
				9517B54F1681F2EA0066CFC6 /* ZJTAppDelegate.m */,
				9517B5571681F2EA0066CFC6 /* ZJTViewController.h */,
				9517B5581681F2EA0066CFC6 /* ZJTViewController.m */,
				9517B55A1681F2EA0066CFC6 /* ZJTViewController_iPhone.xib */,
				9517B55D1681F2EA0066CFC6 /* ZJTViewController_iPad.xib */,
				9517B5461681F2E90066CFC6 /* Supporting Files */,
			);
			path = FindGirls;
			sourceTree = "<group>";
		};
		9517B5461681F2E90066CFC6 /* Supporting Files */ = {
			isa = PBXGroup;
			children = (
				9517B5471681F2E90066CFC6 /* FindGirls-Info.plist */,
				9517B5481681F2E90066CFC6 /* InfoPlist.strings */,
				9517B54B1681F2EA0066CFC6 /* main.m */,
				9517B54D1681F2EA0066CFC6 /* FindGirls-Prefix.pch */,
				9517B5511681F2EA0066CFC6 /* Default.png */,
				9517B5531681F2EA0066CFC6 /* Default@2x.png */,
				9517B5551681F2EA0066CFC6 /* Default-568h@2x.png */,
			);
			name = "Supporting Files";
			sourceTree = "<group>";
		};
		9517B5651681F4B00066CFC6 /* NetWork */ = {
			isa = PBXGroup;
			children = (
			);
			path = NetWork;
			sourceTree = "<group>";
		};
		9517B5661681F4B00066CFC6 /* ThirdParty */ = {
			isa = PBXGroup;
			children = (
				9517B5BC1681FCF50066CFC6 /* MBProgressHUD.h */,
				9517B5BD1681FCF50066CFC6 /* MBProgressHUD.m */,
				9517B5BA1681FCC30066CFC6 /* DDMenuController.h */,
				9517B5B91681FCC30066CFC6 /* DDMenuController.m */,
				9517B5B51681FC4F0066CFC6 /* Reachability */,
				9517B5A41681FC330066CFC6 /* SBJson */,
				9517B5871681FC070066CFC6 /* ASIHttpRequest */,
			);
			path = ThirdParty;
			sourceTree = "<group>";
		};
		9517B5671681F4B00066CFC6 /* Models */ = {
			isa = PBXGroup;
			children = (
			);
			path = Models;
			sourceTree = "<group>";
		};
		9517B5681681F4B00066CFC6 /* Tools */ = {
			isa = PBXGroup;
			children = (
			);
			path = Tools;
			sourceTree = "<group>";
		};
		9517B5691681F4B00066CFC6 /* Nibs */ = {
			isa = PBXGroup;
			children = (
			);
			path = Nibs;
			sourceTree = "<group>";
		};
		9517B56A1681F4B00066CFC6 /* Views */ = {
			isa = PBXGroup;
			children = (
				9517B56B1681F4B00066CFC6 /* TableCells */,
			);
			path = Views;
			sourceTree = "<group>";
		};
		9517B56B1681F4B00066CFC6 /* TableCells */ = {
			isa = PBXGroup;
			children = (
			);
			path = TableCells;
			sourceTree = "<group>";
		};
		9517B56D1681F4B00066CFC6 /* Resources */ = {
			isa = PBXGroup;
			children = (
				9517B56E1681F4B00066CFC6 /* Images */,
			);
			path = Resources;
			sourceTree = "<group>";
		};
		9517B56E1681F4B00066CFC6 /* Images */ = {
			isa = PBXGroup;
			children = (
				9517B5E31681FFE30066CFC6 /* 37x-Checkmark.png */,
				9517B5DB1681FF370066CFC6 /* nav_header_bg@2x.png */,
				9517B5DC1681FF380066CFC6 /* nav_header_bg.png */,
			);
			path = Images;
			sourceTree = "<group>";
		};
		9517B56F1681F5290066CFC6 /* Controllers */ = {
			isa = PBXGroup;
			children = (
				9517B5811681FB0A0066CFC6 /* ZJTHomeViewController_iPhone.h */,
				9517B5821681FB0A0066CFC6 /* ZJTHomeViewController_iPhone.m */,
				9517B5831681FB0A0066CFC6 /* ZJTHomeViewController_iPhone.xib */,
			);
			path = Controllers;
			sourceTree = "<group>";
		};
		9517B5871681FC070066CFC6 /* ASIHttpRequest */ = {
			isa = PBXGroup;
			children = (
				9517B5881681FC070066CFC6 /* ASIAuthenticationDialog.h */,
				9517B5891681FC070066CFC6 /* ASIAuthenticationDialog.m */,
				9517B58A1681FC070066CFC6 /* ASICacheDelegate.h */,
				9517B58B1681FC070066CFC6 /* ASIDataCompressor.h */,
				9517B58C1681FC070066CFC6 /* ASIDataCompressor.m */,
				9517B58D1681FC070066CFC6 /* ASIDataDecompressor.h */,
				9517B58E1681FC070066CFC6 /* ASIDataDecompressor.m */,
				9517B58F1681FC070066CFC6 /* ASIDownloadCache.h */,
				9517B5901681FC070066CFC6 /* ASIDownloadCache.m */,
				9517B5911681FC070066CFC6 /* ASIFormDataRequest.h */,
				9517B5921681FC070066CFC6 /* ASIFormDataRequest.m */,
				9517B5931681FC070066CFC6 /* ASIHTTPRequest.h */,
				9517B5941681FC070066CFC6 /* ASIHTTPRequest.m */,
				9517B5951681FC070066CFC6 /* ASIHTTPRequestConfig.h */,
				9517B5961681FC070066CFC6 /* ASIHTTPRequestDelegate.h */,
				9517B5971681FC070066CFC6 /* ASIInputStream.h */,
				9517B5981681FC070066CFC6 /* ASIInputStream.m */,
				9517B5991681FC070066CFC6 /* ASINetworkQueue.h */,
				9517B59A1681FC070066CFC6 /* ASINetworkQueue.m */,
				9517B59B1681FC070066CFC6 /* ASIProgressDelegate.h */,
			);
			path = ASIHttpRequest;
			sourceTree = "<group>";
		};
		9517B5A41681FC330066CFC6 /* SBJson */ = {
			isa = PBXGroup;
			children = (
				9517B5A51681FC330066CFC6 /* JSON.h */,
				9517B5A61681FC330066CFC6 /* NSObject+SBJSON.h */,
				9517B5A71681FC330066CFC6 /* NSObject+SBJSON.m */,
				9517B5A81681FC330066CFC6 /* NSString+SBJSON.h */,
				9517B5A91681FC330066CFC6 /* NSString+SBJSON.m */,
				9517B5AA1681FC330066CFC6 /* SBJsonBase.h */,
				9517B5AB1681FC330066CFC6 /* SBJsonBase.m */,
				9517B5AC1681FC330066CFC6 /* SBJsonParser.h */,
				9517B5AD1681FC330066CFC6 /* SBJsonParser.m */,
				9517B5AE1681FC330066CFC6 /* SBJsonWriter.h */,
				9517B5AF1681FC330066CFC6 /* SBJsonWriter.m */,
			);
			path = SBJson;
			sourceTree = "<group>";
		};
		9517B5B51681FC4F0066CFC6 /* Reachability */ = {
			isa = PBXGroup;
			children = (
				9517B5B61681FC4F0066CFC6 /* Reachability.h */,
				9517B5B71681FC4F0066CFC6 /* Reachability.m */,
			);
			path = Reachability;
			sourceTree = "<group>";
		};
/* End PBXGroup section */

/* Begin PBXNativeTarget section */
		9517B53A1681F2E90066CFC6 /* FindGirls */ = {
			isa = PBXNativeTarget;
			buildConfigurationList = 9517B5621681F2EA0066CFC6 /* Build configuration list for PBXNativeTarget "FindGirls" */;
			buildPhases = (
				9517B5371681F2E90066CFC6 /* Sources */,
				9517B5381681F2E90066CFC6 /* Frameworks */,
				9517B5391681F2E90066CFC6 /* Resources */,
			);
			buildRules = (
			);
			dependencies = (
			);
			name = FindGirls;
			productName = FindGirls;
			productReference = 9517B53B1681F2E90066CFC6 /* FindGirls.app */;
			productType = "com.apple.product-type.application";
		};
/* End PBXNativeTarget section */

/* Begin PBXProject section */
		9517B5321681F2E90066CFC6 /* Project object */ = {
			isa = PBXProject;
			attributes = {
				CLASSPREFIX = ZJT;
				LastUpgradeCheck = 0450;
				ORGANIZATIONNAME = ZJT;
			};
			buildConfigurationList = 9517B5351681F2E90066CFC6 /* Build configuration list for PBXProject "FindGirls" */;
			compatibilityVersion = "Xcode 3.2";
			developmentRegion = English;
			hasScannedForEncodings = 0;
			knownRegions = (
				en,
			);
			mainGroup = 9517B5301681F2E90066CFC6;
			productRefGroup = 9517B53C1681F2E90066CFC6 /* Products */;
			projectDirPath = "";
			projectRoot = "";
			targets = (
				9517B53A1681F2E90066CFC6 /* FindGirls */,
			);
		};
/* End PBXProject section */

/* Begin PBXResourcesBuildPhase section */
		9517B5391681F2E90066CFC6 /* Resources */ = {
			isa = PBXResourcesBuildPhase;
			buildActionMask = 2147483647;
			files = (
				9517B54A1681F2EA0066CFC6 /* InfoPlist.strings in Resources */,
				9517B5521681F2EA0066CFC6 /* Default.png in Resources */,
				9517B5541681F2EA0066CFC6 /* Default@2x.png in Resources */,
				9517B5561681F2EA0066CFC6 /* Default-568h@2x.png in Resources */,
				9517B55C1681F2EA0066CFC6 /* ZJTViewController_iPhone.xib in Resources */,
				9517B55F1681F2EA0066CFC6 /* ZJTViewController_iPad.xib in Resources */,
				9517B5851681FB0A0066CFC6 /* ZJTHomeViewController_iPhone.xib in Resources */,
				9517B5DD1681FF380066CFC6 /* nav_header_bg@2x.png in Resources */,
				9517B5DE1681FF380066CFC6 /* nav_header_bg.png in Resources */,
				9517B5E41681FFE30066CFC6 /* 37x-Checkmark.png in Resources */,
			);
			runOnlyForDeploymentPostprocessing = 0;
		};
/* End PBXResourcesBuildPhase section */

/* Begin PBXSourcesBuildPhase section */
		9517B5371681F2E90066CFC6 /* Sources */ = {
			isa = PBXSourcesBuildPhase;
			buildActionMask = 2147483647;
			files = (
				9517B54C1681F2EA0066CFC6 /* main.m in Sources */,
				9517B5501681F2EA0066CFC6 /* ZJTAppDelegate.m in Sources */,
				9517B5591681F2EA0066CFC6 /* ZJTViewController.m in Sources */,
				9517B5841681FB0A0066CFC6 /* ZJTHomeViewController_iPhone.m in Sources */,
				9517B59C1681FC070066CFC6 /* ASIAuthenticationDialog.m in Sources */,
				9517B59D1681FC070066CFC6 /* ASIDataCompressor.m in Sources */,
				9517B59E1681FC070066CFC6 /* ASIDataDecompressor.m in Sources */,
				9517B59F1681FC070066CFC6 /* ASIDownloadCache.m in Sources */,
				9517B5A01681FC070066CFC6 /* ASIFormDataRequest.m in Sources */,
				9517B5A11681FC070066CFC6 /* ASIHTTPRequest.m in Sources */,
				9517B5A21681FC070066CFC6 /* ASIInputStream.m in Sources */,
				9517B5A31681FC070066CFC6 /* ASINetworkQueue.m in Sources */,
				9517B5B01681FC330066CFC6 /* NSObject+SBJSON.m in Sources */,
				9517B5B11681FC330066CFC6 /* NSString+SBJSON.m in Sources */,
				9517B5B21681FC330066CFC6 /* SBJsonBase.m in Sources */,
				9517B5B31681FC330066CFC6 /* SBJsonParser.m in Sources */,
				9517B5B41681FC330066CFC6 /* SBJsonWriter.m in Sources */,
				9517B5B81681FC4F0066CFC6 /* Reachability.m in Sources */,
				9517B5BB1681FCC30066CFC6 /* DDMenuController.m in Sources */,
				9517B5BE1681FCF50066CFC6 /* MBProgressHUD.m in Sources */,
			);
			runOnlyForDeploymentPostprocessing = 0;
		};
/* End PBXSourcesBuildPhase section */

/* Begin PBXVariantGroup section */
		9517B5481681F2E90066CFC6 /* InfoPlist.strings */ = {
			isa = PBXVariantGroup;
			children = (
				9517B5491681F2EA0066CFC6 /* en */,
			);
			name = InfoPlist.strings;
			sourceTree = "<group>";
		};
		9517B55A1681F2EA0066CFC6 /* ZJTViewController_iPhone.xib */ = {
			isa = PBXVariantGroup;
			children = (
				9517B55B1681F2EA0066CFC6 /* en */,
			);
			name = ZJTViewController_iPhone.xib;
			sourceTree = "<group>";
		};
		9517B55D1681F2EA0066CFC6 /* ZJTViewController_iPad.xib */ = {
			isa = PBXVariantGroup;
			children = (
				9517B55E1681F2EA0066CFC6 /* en */,
			);
			name = ZJTViewController_iPad.xib;
			sourceTree = "<group>";
		};
/* End PBXVariantGroup section */

/* Begin XCBuildConfiguration section */
		9517B5601681F2EA0066CFC6 /* Debug */ = {
			isa = XCBuildConfiguration;
			buildSettings = {
				ALWAYS_SEARCH_USER_PATHS = NO;
				CLANG_CXX_LANGUAGE_STANDARD = "gnu++0x";
				CLANG_CXX_LIBRARY = "libc++";
				CLANG_WARN_EMPTY_BODY = YES;
				CLANG_WARN__DUPLICATE_METHOD_MATCH = YES;
				"CODE_SIGN_IDENTITY[sdk=iphoneos*]" = "iPhone Developer";
				COPY_PHASE_STRIP = NO;
				GCC_C_LANGUAGE_STANDARD = gnu99;
				GCC_DYNAMIC_NO_PIC = NO;
				GCC_OPTIMIZATION_LEVEL = 0;
				GCC_PREPROCESSOR_DEFINITIONS = (
					"DEBUG=1",
					"$(inherited)",
				);
				GCC_SYMBOLS_PRIVATE_EXTERN = NO;
				GCC_WARN_ABOUT_RETURN_TYPE = YES;
				GCC_WARN_UNINITIALIZED_AUTOS = YES;
				GCC_WARN_UNUSED_VARIABLE = YES;
				IPHONEOS_DEPLOYMENT_TARGET = 5.0;
				ONLY_ACTIVE_ARCH = YES;
				SDKROOT = iphoneos;
				TARGETED_DEVICE_FAMILY = "1,2";
			};
			name = Debug;
		};
		9517B5611681F2EA0066CFC6 /* Release */ = {
			isa = XCBuildConfiguration;
			buildSettings = {
				ALWAYS_SEARCH_USER_PATHS = NO;
				CLANG_CXX_LANGUAGE_STANDARD = "gnu++0x";
				CLANG_CXX_LIBRARY = "libc++";
				CLANG_WARN_EMPTY_BODY = YES;
				CLANG_WARN__DUPLICATE_METHOD_MATCH = YES;
				"CODE_SIGN_IDENTITY[sdk=iphoneos*]" = "iPhone Developer";
				COPY_PHASE_STRIP = YES;
				GCC_C_LANGUAGE_STANDARD = gnu99;
				GCC_WARN_ABOUT_RETURN_TYPE = YES;
				GCC_WARN_UNINITIALIZED_AUTOS = YES;
				GCC_WARN_UNUSED_VARIABLE = YES;
				IPHONEOS_DEPLOYMENT_TARGET = 5.0;
				OTHER_CFLAGS = "-DNS_BLOCK_ASSERTIONS=1";
				SDKROOT = iphoneos;
				TARGETED_DEVICE_FAMILY = "1,2";
				VALIDATE_PRODUCT = YES;
			};
			name = Release;
		};
		9517B5631681F2EA0066CFC6 /* Debug */ = {
			isa = XCBuildConfiguration;
			buildSettings = {
				GCC_PRECOMPILE_PREFIX_HEADER = YES;
				GCC_PREFIX_HEADER = "FindGirls/FindGirls-Prefix.pch";
				INFOPLIST_FILE = "FindGirls/FindGirls-Info.plist";
				IPHONEOS_DEPLOYMENT_TARGET = 5.0;
				PRODUCT_NAME = "$(TARGET_NAME)";
				WRAPPER_EXTENSION = app;
			};
			name = Debug;
		};
		9517B5641681F2EA0066CFC6 /* Release */ = {
			isa = XCBuildConfiguration;
			buildSettings = {
				GCC_PRECOMPILE_PREFIX_HEADER = YES;
				GCC_PREFIX_HEADER = "FindGirls/FindGirls-Prefix.pch";
				INFOPLIST_FILE = "FindGirls/FindGirls-Info.plist";
				IPHONEOS_DEPLOYMENT_TARGET = 5.0;
				PRODUCT_NAME = "$(TARGET_NAME)";
				WRAPPER_EXTENSION = app;
			};
			name = Release;
		};
/* End XCBuildConfiguration section */

/* Begin XCConfigurationList section */
		9517B5351681F2E90066CFC6 /* Build configuration list for PBXProject "FindGirls" */ = {
			isa = XCConfigurationList;
			buildConfigurations = (
				9517B5601681F2EA0066CFC6 /* Debug */,
				9517B5611681F2EA0066CFC6 /* Release */,
			);
			defaultConfigurationIsVisible = 0;
			defaultConfigurationName = Release;
		};
		9517B5621681F2EA0066CFC6 /* Build configuration list for PBXNativeTarget "FindGirls" */ = {
			isa = XCConfigurationList;
			buildConfigurations = (
				9517B5631681F2EA0066CFC6 /* Debug */,
				9517B5641681F2EA0066CFC6 /* Release */,
			);
			defaultConfigurationIsVisible = 0;
			defaultConfigurationName = Release;
		};
/* End XCConfigurationList section */
	};
	rootObject = 9517B5321681F2E90066CFC6 /* Project object */;
}
